
Microsoft Visual Studio Solution File, Format Version 12.00
Project("{FAE04EC0-301F-11D3-BF4B-00C04F79EFBC}") = "LuaPredicates", "LuaPredicates\LuaPredicates.csproj", "{16016A57-4A71-4F44-BB2F-401DC699CD0C}"
EndProject
Project("{FAE04EC0-301F-11D3-BF4B-00C04F79EFBC}") = "LuaPredicates.Test", "LuaPredicates.Test\LuaPredicates.Test.csproj", "{0ED98E7B-3350-4A5B-8733-B2B3BCFF698F}"
EndProject
Global
	GlobalSection(SolutionConfigurationPlatforms) = preSolution
		Debug|Any CPU = Debug|Any CPU
		Release|Any CPU = Release|Any CPU
	EndGlobalSection
	GlobalSection(ProjectConfigurationPlatforms) = postSolution
		{16016A57-4A71-4F44-BB2F-401DC699CD0C}.Debug|Any CPU.ActiveCfg = Debug|Any CPU
		{16016A57-4A71-4F44-BB2F-401DC699CD0C}.Debug|Any CPU.Build.0 = Debug|Any CPU
		{16016A57-4A71-4F44-BB2F-401DC699CD0C}.Release|Any CPU.ActiveCfg = Release|Any CPU
		{16016A57-4A71-4F44-BB2F-401DC699CD0C}.Release|Any CPU.Build.0 = Release|Any CPU
		{0ED98E7B-3350-4A5B-8733-B2B3BCFF698F}.Debug|Any CPU.ActiveCfg = Debug|Any CPU
		{0ED98E7B-3350-4A5B-8733-B2B3BCFF698F}.Debug|Any CPU.Build.0 = Debug|Any CPU
		{0ED98E7B-3350-4A5B-8733-B2B3BCFF698F}.Release|Any CPU.ActiveCfg = Release|Any CPU
		{0ED98E7B-3350-4A5B-8733-B2B3BCFF698F}.Release|Any CPU.Build.0 = Release|Any CPU
	EndGlobalSection
EndGlobal
